
Microsoft Visual Studio Solution File, Format Version 12.00
# Visual Studio Version 16
VisualStudioVersion = 16.0.30907.101
MinimumVisualStudioVersion = 10.0.40219.1
Project("{FAE04EC0-301F-11D3-BF4B-00C04F79EFBC}") = "Vehical_management_system", "Vehical_management_system\Vehical_management_system.csproj", "{4121369E-49C8-4667-B173-FD4C7F029F36}"
EndProject
Global
	GlobalSection(SolutionConfigurationPlatforms) = preSolution
		Debug|Any CPU = Debug|Any CPU
		Release|Any CPU = Release|Any CPU
	EndGlobalSection
	GlobalSection(ProjectConfigurationPlatforms) = postSolution
		{4121369E-49C8-4667-B173-FD4C7F029F36}.Debug|Any CPU.ActiveCfg = Debug|Any CPU
		{4121369E-49C8-4667-B173-FD4C7F029F36}.Debug|Any CPU.Build.0 = Debug|Any CPU
		{4121369E-49C8-4667-B173-FD4C7F029F36}.Release|Any CPU.ActiveCfg = Release|Any CPU
		{4121369E-49C8-4667-B173-FD4C7F029F36}.Release|Any CPU.Build.0 = Release|Any CPU
	EndGlobalSection
	GlobalSection(SolutionProperties) = preSolution
		HideSolutionNode = FALSE
	EndGlobalSection
	GlobalSection(ExtensibilityGlobals) = postSolution
		SolutionGuid = {B8B4DA61-77FA-43D2-A4AD-21FDD4585018}
	EndGlobalSection
EndGlobal
